
Microsoft Visual Studio Solution File, Format Version 12.00
# Visual Studio 14
VisualStudioVersion = 14.0.25420.1
MinimumVisualStudioVersion = 10.0.40219.1
Project("{FAE04EC0-301F-11D3-BF4B-00C04F79EFBC}") = "jab", "jab\jab.csproj", "{83130D42-ACA4-451F-8783-BD69216E3BF9}"
EndProject
Project("{FAE04EC0-301F-11D3-BF4B-00C04F79EFBC}") = "WebApi", "WebApi\WebApi.csproj", "{CD17F08C-8D5B-402F-9817-30A21B75D8C8}"
EndProject
Project("{FAE04EC0-301F-11D3-BF4B-00C04F79EFBC}") = "jab.extend.example", "jab.example\jab.extend.example.csproj", "{83D6B088-C2E4-4128-8A1A-CEB89859EAEB}"
EndProject
Project("{FAE04EC0-301F-11D3-BF4B-00C04F79EFBC}") = "jab.console", "jab.console\jab.console.csproj", "{8FCC7BCD-0C6B-459E-9870-26DBF33E88ED}"
EndProject
Global
	GlobalSection(SolutionConfigurationPlatforms) = preSolution
		Debug|Any CPU = Debug|Any CPU
		Release|Any CPU = Release|Any CPU
	EndGlobalSection
	GlobalSection(ProjectConfigurationPlatforms) = postSolution
		{83130D42-ACA4-451F-8783-BD69216E3BF9}.Debug|Any CPU.ActiveCfg = Debug|Any CPU
		{83130D42-ACA4-451F-8783-BD69216E3BF9}.Debug|Any CPU.Build.0 = Debug|Any CPU
		{83130D42-ACA4-451F-8783-BD69216E3BF9}.Release|Any CPU.ActiveCfg = Release|Any CPU
		{83130D42-ACA4-451F-8783-BD69216E3BF9}.Release|Any CPU.Build.0 = Release|Any CPU
		{CD17F08C-8D5B-402F-9817-30A21B75D8C8}.Debug|Any CPU.ActiveCfg = Debug|Any CPU
		{CD17F08C-8D5B-402F-9817-30A21B75D8C8}.Debug|Any CPU.Build.0 = Debug|Any CPU
		{CD17F08C-8D5B-402F-9817-30A21B75D8C8}.Release|Any CPU.ActiveCfg = Release|Any CPU
		{CD17F08C-8D5B-402F-9817-30A21B75D8C8}.Release|Any CPU.Build.0 = Release|Any CPU
		{83D6B088-C2E4-4128-8A1A-CEB89859EAEB}.Debug|Any CPU.ActiveCfg = Debug|Any CPU
		{83D6B088-C2E4-4128-8A1A-CEB89859EAEB}.Debug|Any CPU.Build.0 = Debug|Any CPU
		{83D6B088-C2E4-4128-8A1A-CEB89859EAEB}.Release|Any CPU.ActiveCfg = Release|Any CPU
		{83D6B088-C2E4-4128-8A1A-CEB89859EAEB}.Release|Any CPU.Build.0 = Release|Any CPU
		{8FCC7BCD-0C6B-459E-9870-26DBF33E88ED}.Debug|Any CPU.ActiveCfg = Debug|Any CPU
		{8FCC7BCD-0C6B-459E-9870-26DBF33E88ED}.Debug|Any CPU.Build.0 = Debug|Any CPU
		{8FCC7BCD-0C6B-459E-9870-26DBF33E88ED}.Release|Any CPU.ActiveCfg = Release|Any CPU
		{8FCC7BCD-0C6B-459E-9870-26DBF33E88ED}.Release|Any CPU.Build.0 = Release|Any CPU
	EndGlobalSection
	GlobalSection(SolutionProperties) = preSolution
		HideSolutionNode = FALSE
	EndGlobalSection
EndGlobal
